
Microsoft Visual Studio Solution File, Format Version 12.00
# Visual Studio 15
VisualStudioVersion = 15.0.28307.572
MinimumVisualStudioVersion = 10.0.40219.1
Project("{FAE04EC0-301F-11D3-BF4B-00C04F79EFBC}") = "SampleMvcApplication", "SampleMvcApplication.csproj", "{CE07482B-C6AB-4195-A1A7-3BB69176EFF2}"
EndProject
Global
	GlobalSection(SolutionConfigurationPlatforms) = preSolution
		Debug|Any CPU = Debug|Any CPU
	EndGlobalSection
	GlobalSection(ProjectConfigurationPlatforms) = postSolution
		{CE07482B-C6AB-4195-A1A7-3BB69176EFF2}.Debug|Any CPU.ActiveCfg = Debug|Any CPU
		{CE07482B-C6AB-4195-A1A7-3BB69176EFF2}.Debug|Any CPU.Build.0 = Debug|Any CPU
	EndGlobalSection
	GlobalSection(SolutionProperties) = preSolution
		HideSolutionNode = FALSE
	EndGlobalSection
	GlobalSection(ExtensibilityGlobals) = postSolution
		SolutionGuid = {E2110E0E-FBD2-4803-869F-78852361660A}
	EndGlobalSection
EndGlobal
